
Microsoft Visual Studio Solution File, Format Version 12.00
# Visual Studio 15
VisualStudioVersion = 15.0.28307.106
MinimumVisualStudioVersion = 10.0.40219.1
Project("{8BC9CEB8-8B4A-11D0-8D11-00A0C91BC942}") = "Casino Alen", "Casino Alen\Casino Alen.vcxproj", "{F08C41F3-C657-471E-916D-D3D13FBA5D1E}"
EndProject
Global
	GlobalSection(SolutionConfigurationPlatforms) = preSolution
		Debug|x64 = Debug|x64
		Debug|x86 = Debug|x86
		Release|x64 = Release|x64
		Release|x86 = Release|x86
	EndGlobalSection
	GlobalSection(ProjectConfigurationPlatforms) = postSolution
		{F08C41F3-C657-471E-916D-D3D13FBA5D1E}.Debug|x64.ActiveCfg = Debug|x64
		{F08C41F3-C657-471E-916D-D3D13FBA5D1E}.Debug|x64.Build.0 = Debug|x64
		{F08C41F3-C657-471E-916D-D3D13FBA5D1E}.Debug|x86.ActiveCfg = Debug|Win32
		{F08C41F3-C657-471E-916D-D3D13FBA5D1E}.Debug|x86.Build.0 = Debug|Win32
		{F08C41F3-C657-471E-916D-D3D13FBA5D1E}.Release|x64.ActiveCfg = Release|x64
		{F08C41F3-C657-471E-916D-D3D13FBA5D1E}.Release|x64.Build.0 = Release|x64
		{F08C41F3-C657-471E-916D-D3D13FBA5D1E}.Release|x86.ActiveCfg = Release|Win32
		{F08C41F3-C657-471E-916D-D3D13FBA5D1E}.Release|x86.Build.0 = Release|Win32
	EndGlobalSection
	GlobalSection(SolutionProperties) = preSolution
		HideSolutionNode = FALSE
	EndGlobalSection
	GlobalSection(ExtensibilityGlobals) = postSolution
		SolutionGuid = {35356498-4E59-4E68-BDE4-3D79FAE0FC42}
	EndGlobalSection
EndGlobal
