
Microsoft Visual Studio Solution File, Format Version 12.00
# Visual Studio 15
VisualStudioVersion = 15.0.28307.106
MinimumVisualStudioVersion = 10.0.40219.1
Project("{8BC9CEB8-8B4A-11D0-8D11-00A0C91BC942}") = "Switch", "Switch\Switch.vcxproj", "{FA1F537B-8EB1-49DF-A990-ED45146AE13F}"
EndProject
Global
	GlobalSection(SolutionConfigurationPlatforms) = preSolution
		Debug|x64 = Debug|x64
		Debug|x86 = Debug|x86
		Release|x64 = Release|x64
		Release|x86 = Release|x86
	EndGlobalSection
	GlobalSection(ProjectConfigurationPlatforms) = postSolution
		{FA1F537B-8EB1-49DF-A990-ED45146AE13F}.Debug|x64.ActiveCfg = Debug|x64
		{FA1F537B-8EB1-49DF-A990-ED45146AE13F}.Debug|x64.Build.0 = Debug|x64
		{FA1F537B-8EB1-49DF-A990-ED45146AE13F}.Debug|x86.ActiveCfg = Debug|Win32
		{FA1F537B-8EB1-49DF-A990-ED45146AE13F}.Debug|x86.Build.0 = Debug|Win32
		{FA1F537B-8EB1-49DF-A990-ED45146AE13F}.Release|x64.ActiveCfg = Release|x64
		{FA1F537B-8EB1-49DF-A990-ED45146AE13F}.Release|x64.Build.0 = Release|x64
		{FA1F537B-8EB1-49DF-A990-ED45146AE13F}.Release|x86.ActiveCfg = Release|Win32
		{FA1F537B-8EB1-49DF-A990-ED45146AE13F}.Release|x86.Build.0 = Release|Win32
	EndGlobalSection
	GlobalSection(SolutionProperties) = preSolution
		HideSolutionNode = FALSE
	EndGlobalSection
	GlobalSection(ExtensibilityGlobals) = postSolution
		SolutionGuid = {71972FA3-5E7A-41BA-B22F-5274A6BAB9BA}
	EndGlobalSection
EndGlobal
